
Microsoft Visual Studio Solution File, Format Version 12.00
# Visual Studio Version 17
VisualStudioVersion = 17.4.33205.214
MinimumVisualStudioVersion = 10.0.40219.1
Project("{FAE04EC0-301F-11D3-BF4B-00C04F79EFBC}") = "Letter Loops", "Letter Loops\Letter Loops.csproj", "{B19FB1E4-845C-44F7-A686-126FFDEA281B}"
EndProject
Global
	GlobalSection(SolutionConfigurationPlatforms) = preSolution
		Debug|Any CPU = Debug|Any CPU
		Release|Any CPU = Release|Any CPU
	EndGlobalSection
	GlobalSection(ProjectConfigurationPlatforms) = postSolution
		{B19FB1E4-845C-44F7-A686-126FFDEA281B}.Debug|Any CPU.ActiveCfg = Debug|Any CPU
		{B19FB1E4-845C-44F7-A686-126FFDEA281B}.Debug|Any CPU.Build.0 = Debug|Any CPU
		{B19FB1E4-845C-44F7-A686-126FFDEA281B}.Release|Any CPU.ActiveCfg = Release|Any CPU
		{B19FB1E4-845C-44F7-A686-126FFDEA281B}.Release|Any CPU.Build.0 = Release|Any CPU
	EndGlobalSection
	GlobalSection(SolutionProperties) = preSolution
		HideSolutionNode = FALSE
	EndGlobalSection
	GlobalSection(ExtensibilityGlobals) = postSolution
		SolutionGuid = {F52839AB-AFE7-47A8-821F-443F65053D8F}
	EndGlobalSection
EndGlobal
